github.com/cplieger/webhttp/v3 v3.0.2 h1:4eAHYipBy/4tdGUM0S9shdvjkX97Lw2bhulJ3z94cZE=
github.com/cplieger/webhttp/v3 v3.0.2/go.mod h1:pl50N8nFHBn/2Le+YTpXgSRdmtkS9dt26LRXl/X9uZc=
pgregory.net/rapid v1.3.0 h1:vBvO0VSqti75J1jjYqpgPNBLKMd1+gxa9fYo7vk/Exc=
pgregory.net/rapid v1.3.0/go.mod h1:dPlE4OBBxgXPqkP79flB6sJL1dx5azpI7HQ9MY9Z7uk=
